
Microsoft Visual Studio Solution File, Format Version 12.00
# Visual Studio 15
Project("{FAE04EC0-301F-11D3-BF4B-00C04F79EFBC}") = "Lab_Number_3", "Lab_Number_3.csproj", "{DD037743-5AEC-4BA2-A1A5-4194B3ECD365}"
EndProject
Global
	GlobalSection(SolutionConfigurationPlatforms) = preSolution
		Debug|Any CPU = Debug|Any CPU
		Release|Any CPU = Release|Any CPU
	EndGlobalSection
	GlobalSection(ProjectConfigurationPlatforms) = postSolution
		{DD037743-5AEC-4BA2-A1A5-4194B3ECD365}.Debug|Any CPU.ActiveCfg = Debug|Any CPU
		{DD037743-5AEC-4BA2-A1A5-4194B3ECD365}.Debug|Any CPU.Build.0 = Debug|Any CPU
		{DD037743-5AEC-4BA2-A1A5-4194B3ECD365}.Release|Any CPU.ActiveCfg = Release|Any CPU
		{DD037743-5AEC-4BA2-A1A5-4194B3ECD365}.Release|Any CPU.Build.0 = Release|Any CPU
	EndGlobalSection
EndGlobal
